
Microsoft Visual Studio Solution File, Format Version 12.00
# Visual Studio Version 17
VisualStudioVersion = 17.6.33712.159
MinimumVisualStudioVersion = 10.0.40219.1
Project("{9A19103F-16F7-4668-BE54-9A1E7A4F7556}") = "PlatformService", "PlatformService\PlatformService.csproj", "{01480C50-8BF7-40FE-8059-31E84FBD9B1A}"
EndProject
Project("{2150E333-8FDC-42A3-9474-1A3956D46DE8}") = "Solution Items", "Solution Items", "{1A618E7F-A493-414C-8EBB-9DE32040F036}"
EndProject
Global
	GlobalSection(SolutionConfigurationPlatforms) = preSolution
		Debug|Any CPU = Debug|Any CPU
		Release|Any CPU = Release|Any CPU
	EndGlobalSection
	GlobalSection(ProjectConfigurationPlatforms) = postSolution
		{01480C50-8BF7-40FE-8059-31E84FBD9B1A}.Debug|Any CPU.ActiveCfg = Debug|Any CPU
		{01480C50-8BF7-40FE-8059-31E84FBD9B1A}.Debug|Any CPU.Build.0 = Debug|Any CPU
		{01480C50-8BF7-40FE-8059-31E84FBD9B1A}.Release|Any CPU.ActiveCfg = Release|Any CPU
		{01480C50-8BF7-40FE-8059-31E84FBD9B1A}.Release|Any CPU.Build.0 = Release|Any CPU
	EndGlobalSection
	GlobalSection(SolutionProperties) = preSolution
		HideSolutionNode = FALSE
	EndGlobalSection
	GlobalSection(ExtensibilityGlobals) = postSolution
		SolutionGuid = {8AF49E28-DCA2-4A13-B22A-817F64A89F5F}
	EndGlobalSection
EndGlobal
